// !$*UTF8*$!
{
	archiveVersion = 1;
	classes = {
	};
	objectVersion = 56;
	objects = {

/* Begin PBXBuildFile section */
		5D0A9B4C2B67E3A300539205 /* Cypher.swift in Sources */ = {isa = PBXBuildFile; fileRef = 5D0A9B4B2B67E3A300539205 /* Cypher.swift */; };
		5D0A9B4F2B67E3E500539205 /* Cypher.swift in Sources */ = {isa = PBXBuildFile; fileRef = 5D0A9B4B2B67E3A300539205 /* Cypher.swift */; };
		5D0A9B532B67E5DC00539205 /* OpenAIServiceTests.swift in Sources */ = {isa = PBXBuildFile; fileRef = 5D0A9B522B67E5DC00539205 /* OpenAIServiceTests.swift */; };
		5D5F0ECF2B642F9400997D00 /* main.swift in Sources */ = {isa = PBXBuildFile; fileRef = 5D9F48922B642BC60010FE1A /* main.swift */; };
		5D5F0ED12B64318700997D00 /* HTTPService.swift in Sources */ = {isa = PBXBuildFile; fileRef = 5D5F0ED02B64318700997D00 /* HTTPService.swift */; };
		5D5F0ED32B64319600997D00 /* OpenAIService.swift in Sources */ = {isa = PBXBuildFile; fileRef = 5D5F0ED22B64319600997D00 /* OpenAIService.swift */; };
		5D5F0ED52B6431AC00997D00 /* HTTPServiceTests.swift in Sources */ = {isa = PBXBuildFile; fileRef = 5D5F0ED42B6431AC00997D00 /* HTTPServiceTests.swift */; };
		5D5F0ED62B6431BD00997D00 /* OpenAIService.swift in Sources */ = {isa = PBXBuildFile; fileRef = 5D5F0ED22B64319600997D00 /* OpenAIService.swift */; };
		5D5F0ED72B6431BF00997D00 /* HTTPService.swift in Sources */ = {isa = PBXBuildFile; fileRef = 5D5F0ED02B64318700997D00 /* HTTPService.swift */; };
		5D5F0ED92B64337600997D00 /* APIKeys.swift in Sources */ = {isa = PBXBuildFile; fileRef = 5D5F0ED82B64337600997D00 /* APIKeys.swift */; };
		5D5F0EDA2B64348A00997D00 /* APIKeys.swift in Sources */ = {isa = PBXBuildFile; fileRef = 5D5F0ED82B64337600997D00 /* APIKeys.swift */; };
		5D5F0EDC2B64399700997D00 /* OpenAIModels.swift in Sources */ = {isa = PBXBuildFile; fileRef = 5D5F0EDB2B64399700997D00 /* OpenAIModels.swift */; };
		5D5F0EDD2B643A0100997D00 /* OpenAIModels.swift in Sources */ = {isa = PBXBuildFile; fileRef = 5D5F0EDB2B64399700997D00 /* OpenAIModels.swift */; };
		5D5F0EDF2B64439200997D00 /* AtbashCodable.swift in Sources */ = {isa = PBXBuildFile; fileRef = 5D5F0EDE2B64439200997D00 /* AtbashCodable.swift */; };
		5D5F0EE02B6443DB00997D00 /* AtbashCodable.swift in Sources */ = {isa = PBXBuildFile; fileRef = 5D5F0EDE2B64439200997D00 /* AtbashCodable.swift */; };
		5D5F0EE22B64442900997D00 /* Englishifier.swift in Sources */ = {isa = PBXBuildFile; fileRef = 5D5F0EE12B64442900997D00 /* Englishifier.swift */; };
		5D5F0EE32B64443200997D00 /* Englishifier.swift in Sources */ = {isa = PBXBuildFile; fileRef = 5D5F0EE12B64442900997D00 /* Englishifier.swift */; };
		5D5F0EE72B645B2500997D00 /* OpenAIServiceIntegrationTests.swift in Sources */ = {isa = PBXBuildFile; fileRef = 5D5F0EE62B645B2500997D00 /* OpenAIServiceIntegrationTests.swift */; };
		5D5F0EE92B64605300997D00 /* MockHTTPService.swift in Sources */ = {isa = PBXBuildFile; fileRef = 5D5F0EE82B64605300997D00 /* MockHTTPService.swift */; };
		5D9F48932B642BC60010FE1A /* main.swift in Sources */ = {isa = PBXBuildFile; fileRef = 5D9F48922B642BC60010FE1A /* main.swift */; };
		5D9F48A22B642BEF0010FE1A /* CypherTests.swift in Sources */ = {isa = PBXBuildFile; fileRef = 5D9F48A12B642BEF0010FE1A /* CypherTests.swift */; };
		5DF2FB802B67EFAD00D2F10A /* MockURLSession.swift in Sources */ = {isa = PBXBuildFile; fileRef = 5DF2FB7F2B67EFAD00D2F10A /* MockURLSession.swift */; };
/* End PBXBuildFile section */

/* Begin PBXCopyFilesBuildPhase section */
		5D9F488D2B642BC60010FE1A /* CopyFiles */ = {
			isa = PBXCopyFilesBuildPhase;
			buildActionMask = 2147483647;
			dstPath = /usr/share/man/man1/;
			dstSubfolderSpec = 0;
			files = (
			);
			runOnlyForDeploymentPostprocessing = 1;
		};
/* End PBXCopyFilesBuildPhase section */

/* Begin PBXFileReference section */
		5D0A9B4B2B67E3A300539205 /* Cypher.swift */ = {isa = PBXFileReference; lastKnownFileType = sourcecode.swift; path = Cypher.swift; sourceTree = "<group>"; };
		5D0A9B522B67E5DC00539205 /* OpenAIServiceTests.swift */ = {isa = PBXFileReference; lastKnownFileType = sourcecode.swift; path = OpenAIServiceTests.swift; sourceTree = "<group>"; };
		5D5F0ED02B64318700997D00 /* HTTPService.swift */ = {isa = PBXFileReference; lastKnownFileType = sourcecode.swift; path = HTTPService.swift; sourceTree = "<group>"; };
		5D5F0ED22B64319600997D00 /* OpenAIService.swift */ = {isa = PBXFileReference; lastKnownFileType = sourcecode.swift; path = OpenAIService.swift; sourceTree = "<group>"; };
		5D5F0ED42B6431AC00997D00 /* HTTPServiceTests.swift */ = {isa = PBXFileReference; lastKnownFileType = sourcecode.swift; path = HTTPServiceTests.swift; sourceTree = "<group>"; };
		5D5F0ED82B64337600997D00 /* APIKeys.swift */ = {isa = PBXFileReference; lastKnownFileType = sourcecode.swift; path = APIKeys.swift; sourceTree = "<group>"; };
		5D5F0EDB2B64399700997D00 /* OpenAIModels.swift */ = {isa = PBXFileReference; lastKnownFileType = sourcecode.swift; path = OpenAIModels.swift; sourceTree = "<group>"; };
		5D5F0EDE2B64439200997D00 /* AtbashCodable.swift */ = {isa = PBXFileReference; lastKnownFileType = sourcecode.swift; path = AtbashCodable.swift; sourceTree = "<group>"; };
		5D5F0EE12B64442900997D00 /* Englishifier.swift */ = {isa = PBXFileReference; lastKnownFileType = sourcecode.swift; path = Englishifier.swift; sourceTree = "<group>"; };
		5D5F0EE62B645B2500997D00 /* OpenAIServiceIntegrationTests.swift */ = {isa = PBXFileReference; lastKnownFileType = sourcecode.swift; path = OpenAIServiceIntegrationTests.swift; sourceTree = "<group>"; };
		5D5F0EE82B64605300997D00 /* MockHTTPService.swift */ = {isa = PBXFileReference; lastKnownFileType = sourcecode.swift; path = MockHTTPService.swift; sourceTree = "<group>"; };
		5D9F488F2B642BC60010FE1A /* AtbashCypher */ = {isa = PBXFileReference; explicitFileType = "compiled.mach-o.executable"; includeInIndex = 0; path = AtbashCypher; sourceTree = BUILT_PRODUCTS_DIR; };
		5D9F48922B642BC60010FE1A /* main.swift */ = {isa = PBXFileReference; lastKnownFileType = sourcecode.swift; path = main.swift; sourceTree = "<group>"; };
		5D9F489F2B642BEF0010FE1A /* AtbashTests.xctest */ = {isa = PBXFileReference; explicitFileType = wrapper.cfbundle; includeInIndex = 0; path = AtbashTests.xctest; sourceTree = BUILT_PRODUCTS_DIR; };
		5D9F48A12B642BEF0010FE1A /* CypherTests.swift */ = {isa = PBXFileReference; lastKnownFileType = sourcecode.swift; path = CypherTests.swift; sourceTree = "<group>"; };
		5DF2FB7F2B67EFAD00D2F10A /* MockURLSession.swift */ = {isa = PBXFileReference; lastKnownFileType = sourcecode.swift; path = MockURLSession.swift; sourceTree = "<group>"; };
/* End PBXFileReference section */

/* Begin PBXFrameworksBuildPhase section */
		5D9F488C2B642BC60010FE1A /* Frameworks */ = {
			isa = PBXFrameworksBuildPhase;
			buildActionMask = 2147483647;
			files = (
			);
			runOnlyForDeploymentPostprocessing = 0;
		};
		5D9F489C2B642BEF0010FE1A /* Frameworks */ = {
			isa = PBXFrameworksBuildPhase;
			buildActionMask = 2147483647;
			files = (
			);
			runOnlyForDeploymentPostprocessing = 0;
		};
/* End PBXFrameworksBuildPhase section */

/* Begin PBXGroup section */
		5D0A9B4D2B67E3AF00539205 /* Model */ = {
			isa = PBXGroup;
			children = (
				5D0A9B4B2B67E3A300539205 /* Cypher.swift */,
				5D5F0EDE2B64439200997D00 /* AtbashCodable.swift */,
				5D5F0EE12B64442900997D00 /* Englishifier.swift */,
				5D5F0EDB2B64399700997D00 /* OpenAIModels.swift */,
			);
			path = Model;
			sourceTree = "<group>";
		};
		5D0A9B4E2B67E3C100539205 /* Service */ = {
			isa = PBXGroup;
			children = (
				5D5F0ED02B64318700997D00 /* HTTPService.swift */,
				5D5F0ED22B64319600997D00 /* OpenAIService.swift */,
				5D5F0ED82B64337600997D00 /* APIKeys.swift */,
			);
			path = Service;
			sourceTree = "<group>";
		};
		5D9F48862B642BC60010FE1A = {
			isa = PBXGroup;
			children = (
				5D9F48912B642BC60010FE1A /* AtbashCypher */,
				5D9F48A02B642BEF0010FE1A /* AtbashTests */,
				5D9F48902B642BC60010FE1A /* Products */,
			);
			sourceTree = "<group>";
		};
		5D9F48902B642BC60010FE1A /* Products */ = {
			isa = PBXGroup;
			children = (
				5D9F488F2B642BC60010FE1A /* AtbashCypher */,
				5D9F489F2B642BEF0010FE1A /* AtbashTests.xctest */,
			);
			name = Products;
			sourceTree = "<group>";
		};
		5D9F48912B642BC60010FE1A /* AtbashCypher */ = {
			isa = PBXGroup;
			children = (
				5D9F48922B642BC60010FE1A /* main.swift */,
				5D0A9B4D2B67E3AF00539205 /* Model */,
				5D0A9B4E2B67E3C100539205 /* Service */,
			);
			path = AtbashCypher;
			sourceTree = "<group>";
		};
		5D9F48A02B642BEF0010FE1A /* AtbashTests */ = {
			isa = PBXGroup;
			children = (
				5D9F48A12B642BEF0010FE1A /* CypherTests.swift */,
				5D5F0EE82B64605300997D00 /* MockHTTPService.swift */,
				5DF2FB7F2B67EFAD00D2F10A /* MockURLSession.swift */,
				5D5F0ED42B6431AC00997D00 /* HTTPServiceTests.swift */,
				5D0A9B522B67E5DC00539205 /* OpenAIServiceTests.swift */,
				5D5F0EE62B645B2500997D00 /* OpenAIServiceIntegrationTests.swift */,
			);
			path = AtbashTests;
			sourceTree = "<group>";
		};
/* End PBXGroup section */

/* Begin PBXNativeTarget section */
		5D9F488E2B642BC60010FE1A /* AtbashCypher */ = {
			isa = PBXNativeTarget;
			buildConfigurationList = 5D9F48962B642BC60010FE1A /* Build configuration list for PBXNativeTarget "AtbashCypher" */;
			buildPhases = (
				5D9F488B2B642BC60010FE1A /* Sources */,
				5D9F488C2B642BC60010FE1A /* Frameworks */,
				5D9F488D2B642BC60010FE1A /* CopyFiles */,
			);
			buildRules = (
			);
			dependencies = (
			);
			name = AtbashCypher;
			productName = AtbashCypher;
			productReference = 5D9F488F2B642BC60010FE1A /* AtbashCypher */;
			productType = "com.apple.product-type.tool";
		};
		5D9F489E2B642BEF0010FE1A /* AtbashTests */ = {
			isa = PBXNativeTarget;
			buildConfigurationList = 5D9F48A32B642BEF0010FE1A /* Build configuration list for PBXNativeTarget "AtbashTests" */;
			buildPhases = (
				5D9F489B2B642BEF0010FE1A /* Sources */,
				5D9F489C2B642BEF0010FE1A /* Frameworks */,
				5D9F489D2B642BEF0010FE1A /* Resources */,
			);
			buildRules = (
			);
			dependencies = (
			);
			name = AtbashTests;
			productName = AtbashTests;
			productReference = 5D9F489F2B642BEF0010FE1A /* AtbashTests.xctest */;
			productType = "com.apple.product-type.bundle.unit-test";
		};
/* End PBXNativeTarget section */

/* Begin PBXProject section */
		5D9F48872B642BC60010FE1A /* Project object */ = {
			isa = PBXProject;
			attributes = {
				BuildIndependentTargetsInParallel = 1;
				LastSwiftUpdateCheck = 1520;
				LastUpgradeCheck = 1520;
				TargetAttributes = {
					5D9F488E2B642BC60010FE1A = {
						CreatedOnToolsVersion = 15.2;
					};
					5D9F489E2B642BEF0010FE1A = {
						CreatedOnToolsVersion = 15.2;
					};
				};
			};
			buildConfigurationList = 5D9F488A2B642BC60010FE1A /* Build configuration list for PBXProject "AtbashCypher" */;
			compatibilityVersion = "Xcode 14.0";
			developmentRegion = en;
			hasScannedForEncodings = 0;
			knownRegions = (
				en,
				Base,
			);
			mainGroup = 5D9F48862B642BC60010FE1A;
			productRefGroup = 5D9F48902B642BC60010FE1A /* Products */;
			projectDirPath = "";
			projectRoot = "";
			targets = (
				5D9F488E2B642BC60010FE1A /* AtbashCypher */,
				5D9F489E2B642BEF0010FE1A /* AtbashTests */,
			);
		};
/* End PBXProject section */

/* Begin PBXResourcesBuildPhase section */
		5D9F489D2B642BEF0010FE1A /* Resources */ = {
			isa = PBXResourcesBuildPhase;
			buildActionMask = 2147483647;
			files = (
			);
			runOnlyForDeploymentPostprocessing = 0;
		};
/* End PBXResourcesBuildPhase section */

/* Begin PBXSourcesBuildPhase section */
		5D9F488B2B642BC60010FE1A /* Sources */ = {
			isa = PBXSourcesBuildPhase;
			buildActionMask = 2147483647;
			files = (
				5D5F0EDC2B64399700997D00 /* OpenAIModels.swift in Sources */,
				5D5F0EE22B64442900997D00 /* Englishifier.swift in Sources */,
				5D0A9B4C2B67E3A300539205 /* Cypher.swift in Sources */,
				5D9F48932B642BC60010FE1A /* main.swift in Sources */,
				5D5F0ED12B64318700997D00 /* HTTPService.swift in Sources */,
				5D5F0ED92B64337600997D00 /* APIKeys.swift in Sources */,
				5D5F0ED32B64319600997D00 /* OpenAIService.swift in Sources */,
				5D5F0EDF2B64439200997D00 /* AtbashCodable.swift in Sources */,
			);
			runOnlyForDeploymentPostprocessing = 0;
		};
		5D9F489B2B642BEF0010FE1A /* Sources */ = {
			isa = PBXSourcesBuildPhase;
			buildActionMask = 2147483647;
			files = (
				5D5F0EE72B645B2500997D00 /* OpenAIServiceIntegrationTests.swift in Sources */,
				5D5F0EE92B64605300997D00 /* MockHTTPService.swift in Sources */,
				5D0A9B4F2B67E3E500539205 /* Cypher.swift in Sources */,
				5D5F0EDA2B64348A00997D00 /* APIKeys.swift in Sources */,
				5DF2FB802B67EFAD00D2F10A /* MockURLSession.swift in Sources */,
				5D5F0ED72B6431BF00997D00 /* HTTPService.swift in Sources */,
				5D5F0ECF2B642F9400997D00 /* main.swift in Sources */,
				5D0A9B532B67E5DC00539205 /* OpenAIServiceTests.swift in Sources */,
				5D5F0EE02B6443DB00997D00 /* AtbashCodable.swift in Sources */,
				5D9F48A22B642BEF0010FE1A /* CypherTests.swift in Sources */,
				5D5F0EE32B64443200997D00 /* Englishifier.swift in Sources */,
				5D5F0EDD2B643A0100997D00 /* OpenAIModels.swift in Sources */,
				5D5F0ED52B6431AC00997D00 /* HTTPServiceTests.swift in Sources */,
				5D5F0ED62B6431BD00997D00 /* OpenAIService.swift in Sources */,
			);
			runOnlyForDeploymentPostprocessing = 0;
		};
/* End PBXSourcesBuildPhase section */

/* Begin XCBuildConfiguration section */
		5D9F48942B642BC60010FE1A /* Debug */ = {
			isa = XCBuildConfiguration;
			buildSettings = {
				ALWAYS_SEARCH_USER_PATHS = NO;
				ASSETCATALOG_COMPILER_GENERATE_SWIFT_ASSET_SYMBOL_EXTENSIONS = YES;
				CLANG_ANALYZER_NONNULL = YES;
				CLANG_ANALYZER_NUMBER_OBJECT_CONVERSION = YES_AGGRESSIVE;
				CLANG_CXX_LANGUAGE_STANDARD = "gnu++20";
				CLANG_ENABLE_MODULES = YES;
				CLANG_ENABLE_OBJC_ARC = YES;
				CLANG_ENABLE_OBJC_WEAK = YES;
				CLANG_WARN_BLOCK_CAPTURE_AUTORELEASING = YES;
				CLANG_WARN_BOOL_CONVERSION = YES;
				CLANG_WARN_COMMA = YES;
				CLANG_WARN_CONSTANT_CONVERSION = YES;
				CLANG_WARN_DEPRECATED_OBJC_IMPLEMENTATIONS = YES;
				CLANG_WARN_DIRECT_OBJC_ISA_USAGE = YES_ERROR;
				CLANG_WARN_DOCUMENTATION_COMMENTS = YES;
				CLANG_WARN_EMPTY_BODY = YES;
				CLANG_WARN_ENUM_CONVERSION = YES;
				CLANG_WARN_INFINITE_RECURSION = YES;
				CLANG_WARN_INT_CONVERSION = YES;
				CLANG_WARN_NON_LITERAL_NULL_CONVERSION = YES;
				CLANG_WARN_OBJC_IMPLICIT_RETAIN_SELF = YES;
				CLANG_WARN_OBJC_LITERAL_CONVERSION = YES;
				CLANG_WARN_OBJC_ROOT_CLASS = YES_ERROR;
				CLANG_WARN_QUOTED_INCLUDE_IN_FRAMEWORK_HEADER = YES;
				CLANG_WARN_RANGE_LOOP_ANALYSIS = YES;
				CLANG_WARN_STRICT_PROTOTYPES = YES;
				CLANG_WARN_SUSPICIOUS_MOVE = YES;
				CLANG_WARN_UNGUARDED_AVAILABILITY = YES_AGGRESSIVE;
				CLANG_WARN_UNREACHABLE_CODE = YES;
				CLANG_WARN__DUPLICATE_METHOD_MATCH = YES;
				COPY_PHASE_STRIP = NO;
				DEBUG_INFORMATION_FORMAT = dwarf;
				ENABLE_STRICT_OBJC_MSGSEND = YES;
				ENABLE_TESTABILITY = YES;
				ENABLE_USER_SCRIPT_SANDBOXING = YES;
				GCC_C_LANGUAGE_STANDARD = gnu17;
				GCC_DYNAMIC_NO_PIC = NO;
				GCC_NO_COMMON_BLOCKS = YES;
				GCC_OPTIMIZATION_LEVEL = 0;
				GCC_PREPROCESSOR_DEFINITIONS = (
					"DEBUG=1",
					"$(inherited)",
				);
				GCC_WARN_64_TO_32_BIT_CONVERSION = YES;
				GCC_WARN_ABOUT_RETURN_TYPE = YES_ERROR;
				GCC_WARN_UNDECLARED_SELECTOR = YES;
				GCC_WARN_UNINITIALIZED_AUTOS = YES_AGGRESSIVE;
				GCC_WARN_UNUSED_FUNCTION = YES;
				GCC_WARN_UNUSED_VARIABLE = YES;
				LOCALIZATION_PREFERS_STRING_CATALOGS = YES;
				MACOSX_DEPLOYMENT_TARGET = 14.0;
				MTL_ENABLE_DEBUG_INFO = INCLUDE_SOURCE;
				MTL_FAST_MATH = YES;
				ONLY_ACTIVE_ARCH = YES;
				SDKROOT = macosx;
				SWIFT_ACTIVE_COMPILATION_CONDITIONS = "DEBUG $(inherited)";
				SWIFT_OPTIMIZATION_LEVEL = "-Onone";
			};
			name = Debug;
		};
		5D9F48952B642BC60010FE1A /* Release */ = {
			isa = XCBuildConfiguration;
			buildSettings = {
				ALWAYS_SEARCH_USER_PATHS = NO;
				ASSETCATALOG_COMPILER_GENERATE_SWIFT_ASSET_SYMBOL_EXTENSIONS = YES;
				CLANG_ANALYZER_NONNULL = YES;
				CLANG_ANALYZER_NUMBER_OBJECT_CONVERSION = YES_AGGRESSIVE;
				CLANG_CXX_LANGUAGE_STANDARD = "gnu++20";
				CLANG_ENABLE_MODULES = YES;
				CLANG_ENABLE_OBJC_ARC = YES;
				CLANG_ENABLE_OBJC_WEAK = YES;
				CLANG_WARN_BLOCK_CAPTURE_AUTORELEASING = YES;
				CLANG_WARN_BOOL_CONVERSION = YES;
				CLANG_WARN_COMMA = YES;
				CLANG_WARN_CONSTANT_CONVERSION = YES;
				CLANG_WARN_DEPRECATED_OBJC_IMPLEMENTATIONS = YES;
				CLANG_WARN_DIRECT_OBJC_ISA_USAGE = YES_ERROR;
				CLANG_WARN_DOCUMENTATION_COMMENTS = YES;
				CLANG_WARN_EMPTY_BODY = YES;
				CLANG_WARN_ENUM_CONVERSION = YES;
				CLANG_WARN_INFINITE_RECURSION = YES;
				CLANG_WARN_INT_CONVERSION = YES;
				CLANG_WARN_NON_LITERAL_NULL_CONVERSION = YES;
				CLANG_WARN_OBJC_IMPLICIT_RETAIN_SELF = YES;
				CLANG_WARN_OBJC_LITERAL_CONVERSION = YES;
				CLANG_WARN_OBJC_ROOT_CLASS = YES_ERROR;
				CLANG_WARN_QUOTED_INCLUDE_IN_FRAMEWORK_HEADER = YES;
				CLANG_WARN_RANGE_LOOP_ANALYSIS = YES;
				CLANG_WARN_STRICT_PROTOTYPES = YES;
				CLANG_WARN_SUSPICIOUS_MOVE = YES;
				CLANG_WARN_UNGUARDED_AVAILABILITY = YES_AGGRESSIVE;
				CLANG_WARN_UNREACHABLE_CODE = YES;
				CLANG_WARN__DUPLICATE_METHOD_MATCH = YES;
				COPY_PHASE_STRIP = NO;
				DEBUG_INFORMATION_FORMAT = "dwarf-with-dsym";
				ENABLE_NS_ASSERTIONS = NO;
				ENABLE_STRICT_OBJC_MSGSEND = YES;
				ENABLE_USER_SCRIPT_SANDBOXING = YES;
				GCC_C_LANGUAGE_STANDARD = gnu17;
				GCC_NO_COMMON_BLOCKS = YES;
				GCC_WARN_64_TO_32_BIT_CONVERSION = YES;
				GCC_WARN_ABOUT_RETURN_TYPE = YES_ERROR;
				GCC_WARN_UNDECLARED_SELECTOR = YES;
				GCC_WARN_UNINITIALIZED_AUTOS = YES_AGGRESSIVE;
				GCC_WARN_UNUSED_FUNCTION = YES;
				GCC_WARN_UNUSED_VARIABLE = YES;
				LOCALIZATION_PREFERS_STRING_CATALOGS = YES;
				MACOSX_DEPLOYMENT_TARGET = 14.0;
				MTL_ENABLE_DEBUG_INFO = NO;
				MTL_FAST_MATH = YES;
				SDKROOT = macosx;
				SWIFT_COMPILATION_MODE = wholemodule;
			};
			name = Release;
		};
		5D9F48972B642BC60010FE1A /* Debug */ = {
			isa = XCBuildConfiguration;
			buildSettings = {
				CODE_SIGN_STYLE = Automatic;
				DEVELOPMENT_TEAM = 94AXJS8DQZ;
				ENABLE_HARDENED_RUNTIME = YES;
				PRODUCT_NAME = "$(TARGET_NAME)";
				SWIFT_VERSION = 5.0;
			};
			name = Debug;
		};
		5D9F48982B642BC60010FE1A /* Release */ = {
			isa = XCBuildConfiguration;
			buildSettings = {
				CODE_SIGN_STYLE = Automatic;
				DEVELOPMENT_TEAM = 94AXJS8DQZ;
				ENABLE_HARDENED_RUNTIME = YES;
				PRODUCT_NAME = "$(TARGET_NAME)";
				SWIFT_VERSION = 5.0;
			};
			name = Release;
		};
		5D9F48A42B642BEF0010FE1A /* Debug */ = {
			isa = XCBuildConfiguration;
			buildSettings = {
				CODE_SIGN_STYLE = Automatic;
				CURRENT_PROJECT_VERSION = 1;
				DEVELOPMENT_TEAM = 94AXJS8DQZ;
				GENERATE_INFOPLIST_FILE = YES;
				MARKETING_VERSION = 1.0;
				PRODUCT_BUNDLE_IDENTIFIER = com.zcutlerf.AtbashTests;
				PRODUCT_NAME = "$(TARGET_NAME)";
				SWIFT_EMIT_LOC_STRINGS = NO;
				SWIFT_VERSION = 5.0;
			};
			name = Debug;
		};
		5D9F48A52B642BEF0010FE1A /* Release */ = {
			isa = XCBuildConfiguration;
			buildSettings = {
				CODE_SIGN_STYLE = Automatic;
				CURRENT_PROJECT_VERSION = 1;
				DEVELOPMENT_TEAM = 94AXJS8DQZ;
				GENERATE_INFOPLIST_FILE = YES;
				MARKETING_VERSION = 1.0;
				PRODUCT_BUNDLE_IDENTIFIER = com.zcutlerf.AtbashTests;
				PRODUCT_NAME = "$(TARGET_NAME)";
				SWIFT_EMIT_LOC_STRINGS = NO;
				SWIFT_VERSION = 5.0;
			};
			name = Release;
		};
/* End XCBuildConfiguration section */

/* Begin XCConfigurationList section */
		5D9F488A2B642BC60010FE1A /* Build configuration list for PBXProject "AtbashCypher" */ = {
			isa = XCConfigurationList;
			buildConfigurations = (
				5D9F48942B642BC60010FE1A /* Debug */,
				5D9F48952B642BC60010FE1A /* Release */,
			);
			defaultConfigurationIsVisible = 0;
			defaultConfigurationName = Release;
		};
		5D9F48962B642BC60010FE1A /* Build configuration list for PBXNativeTarget "AtbashCypher" */ = {
			isa = XCConfigurationList;
			buildConfigurations = (
				5D9F48972B642BC60010FE1A /* Debug */,
				5D9F48982B642BC60010FE1A /* Release */,
			);
			defaultConfigurationIsVisible = 0;
			defaultConfigurationName = Release;
		};
		5D9F48A32B642BEF0010FE1A /* Build configuration list for PBXNativeTarget "AtbashTests" */ = {
			isa = XCConfigurationList;
			buildConfigurations = (
				5D9F48A42B642BEF0010FE1A /* Debug */,
				5D9F48A52B642BEF0010FE1A /* Release */,
			);
			defaultConfigurationIsVisible = 0;
			defaultConfigurationName = Release;
		};
/* End XCConfigurationList section */
	};
	rootObject = 5D9F48872B642BC60010FE1A /* Project object */;
}
